
Microsoft Visual Studio Solution File, Format Version 12.00
# Visual Studio Version 17
VisualStudioVersion = 17.5.002.0
MinimumVisualStudioVersion = 10.0.40219.1
Project("{9A19103F-16F7-4668-BE54-9A1E7A4F7556}") = "ConhecimentosAPI", "ConhecimentosAPI.csproj", "{68DC43E2-A7E2-4C5E-B86A-6BC6EBB6C1EE}"
EndProject
Global
	GlobalSection(SolutionConfigurationPlatforms) = preSolution
		Debug|Any CPU = Debug|Any CPU
		Release|Any CPU = Release|Any CPU
	EndGlobalSection
	GlobalSection(ProjectConfigurationPlatforms) = postSolution
		{68DC43E2-A7E2-4C5E-B86A-6BC6EBB6C1EE}.Debug|Any CPU.ActiveCfg = Debug|Any CPU
		{68DC43E2-A7E2-4C5E-B86A-6BC6EBB6C1EE}.Debug|Any CPU.Build.0 = Debug|Any CPU
		{68DC43E2-A7E2-4C5E-B86A-6BC6EBB6C1EE}.Release|Any CPU.ActiveCfg = Release|Any CPU
		{68DC43E2-A7E2-4C5E-B86A-6BC6EBB6C1EE}.Release|Any CPU.Build.0 = Release|Any CPU
	EndGlobalSection
	GlobalSection(SolutionProperties) = preSolution
		HideSolutionNode = FALSE
	EndGlobalSection
	GlobalSection(ExtensibilityGlobals) = postSolution
		SolutionGuid = {67B82392-A325-4428-B196-2C27FE074C47}
	EndGlobalSection
EndGlobal
